// !$*UTF8*$!
{
	archiveVersion = 1;
	classes = {
	};
	objectVersion = 46;
	objects = {

/* Begin PBXBuildFile section */
		1AAC5E031CDACD5F00F62C01 /* main.cpp in Sources */ = {isa = PBXBuildFile; fileRef = 1AAC5E021CDACD5F00F62C01 /* main.cpp */; };
		1AAC5E0B1CDACD8A00F62C01 /* FacaePattern.cpp in Sources */ = {isa = PBXBuildFile; fileRef = 1AAC5E091CDACD8A00F62C01 /* FacaePattern.cpp */; };
/* End PBXBuildFile section */

/* Begin PBXCopyFilesBuildPhase section */
		1AAC5DFD1CDACD5F00F62C01 /* CopyFiles */ = {
			isa = PBXCopyFilesBuildPhase;
			buildActionMask = 2147483647;
			dstPath = /usr/share/man/man1/;
			dstSubfolderSpec = 0;
			files = (
			);
			runOnlyForDeploymentPostprocessing = 1;
		};
/* End PBXCopyFilesBuildPhase section */

/* Begin PBXFileReference section */
		1AAC5DFF1CDACD5F00F62C01 /* ADP2_Project */ = {isa = PBXFileReference; explicitFileType = "compiled.mach-o.executable"; includeInIndex = 0; path = ADP2_Project; sourceTree = BUILT_PRODUCTS_DIR; };
		1AAC5E021CDACD5F00F62C01 /* main.cpp */ = {isa = PBXFileReference; lastKnownFileType = sourcecode.cpp.cpp; path = main.cpp; sourceTree = "<group>"; };
		1AAC5E091CDACD8A00F62C01 /* FacaePattern.cpp */ = {isa = PBXFileReference; fileEncoding = 4; lastKnownFileType = sourcecode.cpp.cpp; path = FacaePattern.cpp; sourceTree = "<group>"; };
		1AAC5E0A1CDACD8A00F62C01 /* FacaePattern.hpp */ = {isa = PBXFileReference; fileEncoding = 4; lastKnownFileType = sourcecode.cpp.h; path = FacaePattern.hpp; sourceTree = "<group>"; };
/* End PBXFileReference section */

/* Begin PBXFrameworksBuildPhase section */
		1AAC5DFC1CDACD5F00F62C01 /* Frameworks */ = {
			isa = PBXFrameworksBuildPhase;
			buildActionMask = 2147483647;
			files = (
			);
			runOnlyForDeploymentPostprocessing = 0;
		};
/* End PBXFrameworksBuildPhase section */

/* Begin PBXGroup section */
		1AAC5DF61CDACD5F00F62C01 = {
			isa = PBXGroup;
			children = (
				1AAC5E011CDACD5F00F62C01 /* ADP2_Project */,
				1AAC5E001CDACD5F00F62C01 /* Products */,
			);
			sourceTree = "<group>";
		};
		1AAC5E001CDACD5F00F62C01 /* Products */ = {
			isa = PBXGroup;
			children = (
				1AAC5DFF1CDACD5F00F62C01 /* ADP2_Project */,
			);
			name = Products;
			sourceTree = "<group>";
		};
		1AAC5E011CDACD5F00F62C01 /* ADP2_Project */ = {
			isa = PBXGroup;
			children = (
				1AAC5E021CDACD5F00F62C01 /* main.cpp */,
				1AAC5E091CDACD8A00F62C01 /* FacaePattern.cpp */,
				1AAC5E0A1CDACD8A00F62C01 /* FacaePattern.hpp */,
			);
			path = ADP2_Project;
			sourceTree = "<group>";
		};
/* End PBXGroup section */

/* Begin PBXNativeTarget section */
		1AAC5DFE1CDACD5F00F62C01 /* ADP2_Project */ = {
			isa = PBXNativeTarget;
			buildConfigurationList = 1AAC5E061CDACD5F00F62C01 /* Build configuration list for PBXNativeTarget "ADP2_Project" */;
			buildPhases = (
				1AAC5DFB1CDACD5F00F62C01 /* Sources */,
				1AAC5DFC1CDACD5F00F62C01 /* Frameworks */,
				1AAC5DFD1CDACD5F00F62C01 /* CopyFiles */,
			);
			buildRules = (
			);
			dependencies = (
			);
			name = ADP2_Project;
			productName = ADP2_Project;
			productReference = 1AAC5DFF1CDACD5F00F62C01 /* ADP2_Project */;
			productType = "com.apple.product-type.tool";
		};
/* End PBXNativeTarget section */

/* Begin PBXProject section */
		1AAC5DF71CDACD5F00F62C01 /* Project object */ = {
			isa = PBXProject;
			attributes = {
				LastUpgradeCheck = 0730;
				ORGANIZATIONNAME = Capotasto;
				TargetAttributes = {
					1AAC5DFE1CDACD5F00F62C01 = {
						CreatedOnToolsVersion = 7.3;
					};
				};
			};
			buildConfigurationList = 1AAC5DFA1CDACD5F00F62C01 /* Build configuration list for PBXProject "ADP2_Project" */;
			compatibilityVersion = "Xcode 3.2";
			developmentRegion = English;
			hasScannedForEncodings = 0;
			knownRegions = (
				en,
			);
			mainGroup = 1AAC5DF61CDACD5F00F62C01;
			productRefGroup = 1AAC5E001CDACD5F00F62C01 /* Products */;
			projectDirPath = "";
			projectRoot = "";
			targets = (
				1AAC5DFE1CDACD5F00F62C01 /* ADP2_Project */,
			);
		};
/* End PBXProject section */

/* Begin PBXSourcesBuildPhase section */
		1AAC5DFB1CDACD5F00F62C01 /* Sources */ = {
			isa = PBXSourcesBuildPhase;
			buildActionMask = 2147483647;
			files = (
				1AAC5E031CDACD5F00F62C01 /* main.cpp in Sources */,
				1AAC5E0B1CDACD8A00F62C01 /* FacaePattern.cpp in Sources */,
			);
			runOnlyForDeploymentPostprocessing = 0;
		};
/* End PBXSourcesBuildPhase section */

/* Begin XCBuildConfiguration section */
		1AAC5E041CDACD5F00F62C01 /* Debug */ = {
			isa = XCBuildConfiguration;
			buildSettings = {
				ALWAYS_SEARCH_USER_PATHS = NO;
				CLANG_ANALYZER_NONNULL = YES;
				CLANG_CXX_LANGUAGE_STANDARD = "gnu++0x";
				CLANG_CXX_LIBRARY = "libc++";
				CLANG_ENABLE_MODULES = YES;
				CLANG_ENABLE_OBJC_ARC = YES;
				CLANG_WARN_BOOL_CONVERSION = YES;
				CLANG_WARN_CONSTANT_CONVERSION = YES;
				CLANG_WARN_DIRECT_OBJC_ISA_USAGE = YES_ERROR;
				CLANG_WARN_EMPTY_BODY = YES;
				CLANG_WARN_ENUM_CONVERSION = YES;
				CLANG_WARN_INT_CONVERSION = YES;
				CLANG_WARN_OBJC_ROOT_CLASS = YES_ERROR;
				CLANG_WARN_UNREACHABLE_CODE = YES;
				CLANG_WARN__DUPLICATE_METHOD_MATCH = YES;
				CODE_SIGN_IDENTITY = "-";
				COPY_PHASE_STRIP = NO;
				DEBUG_INFORMATION_FORMAT = dwarf;
				ENABLE_STRICT_OBJC_MSGSEND = YES;
				ENABLE_TESTABILITY = YES;
				GCC_C_LANGUAGE_STANDARD = gnu99;
				GCC_DYNAMIC_NO_PIC = NO;
				GCC_NO_COMMON_BLOCKS = YES;
				GCC_OPTIMIZATION_LEVEL = 0;
				GCC_PREPROCESSOR_DEFINITIONS = (
					"DEBUG=1",
					"$(inherited)",
				);
				GCC_WARN_64_TO_32_BIT_CONVERSION = YES;
				GCC_WARN_ABOUT_RETURN_TYPE = YES_ERROR;
				GCC_WARN_UNDECLARED_SELECTOR = YES;
				GCC_WARN_UNINITIALIZED_AUTOS = YES_AGGRESSIVE;
				GCC_WARN_UNUSED_FUNCTION = YES;
				GCC_WARN_UNUSED_VARIABLE = YES;
				MACOSX_DEPLOYMENT_TARGET = 10.11;
				MTL_ENABLE_DEBUG_INFO = YES;
				ONLY_ACTIVE_ARCH = YES;
				SDKROOT = macosx;
			};
			name = Debug;
		};
		1AAC5E051CDACD5F00F62C01 /* Release */ = {
			isa = XCBuildConfiguration;
			buildSettings = {
				ALWAYS_SEARCH_USER_PATHS = NO;
				CLANG_ANALYZER_NONNULL = YES;
				CLANG_CXX_LANGUAGE_STANDARD = "gnu++0x";
				CLANG_CXX_LIBRARY = "libc++";
				CLANG_ENABLE_MODULES = YES;
				CLANG_ENABLE_OBJC_ARC = YES;
				CLANG_WARN_BOOL_CONVERSION = YES;
				CLANG_WARN_CONSTANT_CONVERSION = YES;
				CLANG_WARN_DIRECT_OBJC_ISA_USAGE = YES_ERROR;
				CLANG_WARN_EMPTY_BODY = YES;
				CLANG_WARN_ENUM_CONVERSION = YES;
				CLANG_WARN_INT_CONVERSION = YES;
				CLANG_WARN_OBJC_ROOT_CLASS = YES_ERROR;
				CLANG_WARN_UNREACHABLE_CODE = YES;
				CLANG_WARN__DUPLICATE_METHOD_MATCH = YES;
				CODE_SIGN_IDENTITY = "-";
				COPY_PHASE_STRIP = NO;
				DEBUG_INFORMATION_FORMAT = "dwarf-with-dsym";
				ENABLE_NS_ASSERTIONS = NO;
				ENABLE_STRICT_OBJC_MSGSEND = YES;
				GCC_C_LANGUAGE_STANDARD = gnu99;
				GCC_NO_COMMON_BLOCKS = YES;
				GCC_WARN_64_TO_32_BIT_CONVERSION = YES;
				GCC_WARN_ABOUT_RETURN_TYPE = YES_ERROR;
				GCC_WARN_UNDECLARED_SELECTOR = YES;
				GCC_WARN_UNINITIALIZED_AUTOS = YES_AGGRESSIVE;
				GCC_WARN_UNUSED_FUNCTION = YES;
				GCC_WARN_UNUSED_VARIABLE = YES;
				MACOSX_DEPLOYMENT_TARGET = 10.11;
				MTL_ENABLE_DEBUG_INFO = NO;
				SDKROOT = macosx;
			};
			name = Release;
		};
		1AAC5E071CDACD5F00F62C01 /* Debug */ = {
			isa = XCBuildConfiguration;
			buildSettings = {
				PRODUCT_NAME = "$(TARGET_NAME)";
			};
			name = Debug;
		};
		1AAC5E081CDACD5F00F62C01 /* Release */ = {
			isa = XCBuildConfiguration;
			buildSettings = {
				PRODUCT_NAME = "$(TARGET_NAME)";
			};
			name = Release;
		};
/* End XCBuildConfiguration section */

/* Begin XCConfigurationList section */
		1AAC5DFA1CDACD5F00F62C01 /* Build configuration list for PBXProject "ADP2_Project" */ = {
			isa = XCConfigurationList;
			buildConfigurations = (
				1AAC5E041CDACD5F00F62C01 /* Debug */,
				1AAC5E051CDACD5F00F62C01 /* Release */,
			);
			defaultConfigurationIsVisible = 0;
			defaultConfigurationName = Release;
		};
		1AAC5E061CDACD5F00F62C01 /* Build configuration list for PBXNativeTarget "ADP2_Project" */ = {
			isa = XCConfigurationList;
			buildConfigurations = (
				1AAC5E071CDACD5F00F62C01 /* Debug */,
				1AAC5E081CDACD5F00F62C01 /* Release */,
			);
			defaultConfigurationIsVisible = 0;
		};
/* End XCConfigurationList section */
	};
	rootObject = 1AAC5DF71CDACD5F00F62C01 /* Project object */;
}
